github.com/df-mc/dragonfly v0.10.15-0.20260709170650-b85c56ffea6b h1:FC5QmLNuCo6QpVAyklDszZbxg1ubrpp/95WFRqLEXtE=
github.com/df-mc/dragonfly v0.10.15-0.20260709170650-b85c56ffea6b/go.mod h1:OFJjCz3xfDalVZEtV4lJdbenwKDEAczKHikHN7kVwMc=
github.com/df-mc/worldupgrader v1.0.21 h1:Qr4/QB8ek7En0vkTuRXYq4FrZM0HHSOXsJOL7Ko4Cjg=
github.com/df-mc/worldupgrader v1.0.21/go.mod h1:tsSOLTRm9mpG7VHvYpAjjZrkRHWmSbKZAm9bOLNnlDk=
github.com/go-gl/mathgl v1.2.0 h1:v2eOj/y1B2afDxF6URV1qCYmo1KW08lAMtTbOn3KXCY=
github.com/go-gl/mathgl v1.2.0/go.mod h1:pf9+b5J3LFP7iZ4XXaVzZrCle0Q/vNpB/vDe5+3ulRE=
github.com/google/uuid v1.6.0 h1:NIvaJDMOsjHA8n1jAhLSgzrAzy1Hgr+hNrb57e+94F0=
github.com/google/uuid v1.6.0/go.mod h1:TIyPZe4MgqvfeYDBFedMoGGpEw/LqOeaOT+nhxU+yHo=
github.com/sandertv/gophertunnel v1.57.0 h1:UkgVg1xLCsOSm79rP09WmodGSHgA8M7+l4quL01cIL8=
github.com/sandertv/gophertunnel v1.57.0/go.mod h1:W4VnrX9AIPIVXNDMEIKMIRj1T80EdOgdqXpGbQpyAbE=
golang.org/x/exp v0.0.0-20250103183323-7d7fa50e5329 h1:9kj3STMvgqy3YA4VQXBrN7925ICMxD5wzMRcgA30588=
golang.org/x/exp v0.0.0-20250103183323-7d7fa50e5329/go.mod h1:qj5a5QZpwLU2NLQudwIN5koi3beDhSAlJwa67PuM98c=
gopkg.in/check.v1 v0.0.0-20161208181325-20d25e280405/go.mod h1:Co6ibVJAznAaIkqp8huTwlJQCZ016jof/cbN4VW5Yz0=
gopkg.in/yaml.v3 v3.0.1 h1:fxVm/GzAzEWqLHuvctI91KS9hhNmmWOoWu0XTYJS7CA=
gopkg.in/yaml.v3 v3.0.1/go.mod h1:K4uyk7z7BCEPqu6E+C64Yfv1cQ7kz7rIZviUmN+EgEM=
